
Microsoft Visual Studio Solution File, Format Version 12.00
# Visual Studio Version 17
VisualStudioVersion = 17.3.32929.385
MinimumVisualStudioVersion = 10.0.40219.1
Project("{FAE04EC0-301F-11D3-BF4B-00C04F79EFBC}") = "WindowsFormsApp1", "WindowsFormsApp1\WindowsFormsApp1.csproj", "{5793BA04-DF3B-454D-9D6B-2A8E8A77A31E}"
EndProject
Global
	GlobalSection(SolutionConfigurationPlatforms) = preSolution
		Debug|Any CPU = Debug|Any CPU
		Release|Any CPU = Release|Any CPU
	EndGlobalSection
	GlobalSection(ProjectConfigurationPlatforms) = postSolution
		{5793BA04-DF3B-454D-9D6B-2A8E8A77A31E}.Debug|Any CPU.ActiveCfg = Debug|Any CPU
		{5793BA04-DF3B-454D-9D6B-2A8E8A77A31E}.Debug|Any CPU.Build.0 = Debug|Any CPU
		{5793BA04-DF3B-454D-9D6B-2A8E8A77A31E}.Release|Any CPU.ActiveCfg = Release|Any CPU
		{5793BA04-DF3B-454D-9D6B-2A8E8A77A31E}.Release|Any CPU.Build.0 = Release|Any CPU
	EndGlobalSection
	GlobalSection(SolutionProperties) = preSolution
		HideSolutionNode = FALSE
	EndGlobalSection
	GlobalSection(ExtensibilityGlobals) = postSolution
		SolutionGuid = {92E5F0E2-43C2-4755-9EBB-3BB4172A696E}
	EndGlobalSection
EndGlobal
